
Microsoft Visual Studio Solution File, Format Version 12.00
Project("{FAE04EC0-301F-11D3-BF4B-00C04F79EFBC}") = "kolizia", "kolizia\kolizia.csproj", "{98CA5A9A-0943-418B-9B7F-7FD5E8F95593}"
EndProject
Global
	GlobalSection(SolutionConfigurationPlatforms) = preSolution
		Debug|Any CPU = Debug|Any CPU
		Release|Any CPU = Release|Any CPU
	EndGlobalSection
	GlobalSection(ProjectConfigurationPlatforms) = postSolution
		{98CA5A9A-0943-418B-9B7F-7FD5E8F95593}.Debug|Any CPU.ActiveCfg = Debug|Any CPU
		{98CA5A9A-0943-418B-9B7F-7FD5E8F95593}.Debug|Any CPU.Build.0 = Debug|Any CPU
		{98CA5A9A-0943-418B-9B7F-7FD5E8F95593}.Release|Any CPU.ActiveCfg = Release|Any CPU
		{98CA5A9A-0943-418B-9B7F-7FD5E8F95593}.Release|Any CPU.Build.0 = Release|Any CPU
	EndGlobalSection
EndGlobal
